
Microsoft Visual Studio Solution File, Format Version 12.00
# Visual Studio Version 16
VisualStudioVersion = 16.0.31402.337
MinimumVisualStudioVersion = 10.0.40219.1
Project("{9A19103F-16F7-4668-BE54-9A1E7A4F7556}") = "RockPaperScissors1", "RockPaperScissors1.csproj", "{9CF74E5E-7ABB-4E83-9AA7-B25F504B73CF}"
EndProject
Project("{FAE04EC0-301F-11D3-BF4B-00C04F79EFBC}") = "RpsDbContext", "..\RpsDbContext\RpsDbContext.csproj", "{24C0266D-B93D-400B-BE8A-6303007CE50A}"
EndProject
Global
	GlobalSection(SolutionConfigurationPlatforms) = preSolution
		Debug|Any CPU = Debug|Any CPU
		Release|Any CPU = Release|Any CPU
	EndGlobalSection
	GlobalSection(ProjectConfigurationPlatforms) = postSolution
		{9CF74E5E-7ABB-4E83-9AA7-B25F504B73CF}.Debug|Any CPU.ActiveCfg = Debug|Any CPU
		{9CF74E5E-7ABB-4E83-9AA7-B25F504B73CF}.Debug|Any CPU.Build.0 = Debug|Any CPU
		{9CF74E5E-7ABB-4E83-9AA7-B25F504B73CF}.Release|Any CPU.ActiveCfg = Release|Any CPU
		{9CF74E5E-7ABB-4E83-9AA7-B25F504B73CF}.Release|Any CPU.Build.0 = Release|Any CPU
		{24C0266D-B93D-400B-BE8A-6303007CE50A}.Debug|Any CPU.ActiveCfg = Debug|Any CPU
		{24C0266D-B93D-400B-BE8A-6303007CE50A}.Debug|Any CPU.Build.0 = Debug|Any CPU
		{24C0266D-B93D-400B-BE8A-6303007CE50A}.Release|Any CPU.ActiveCfg = Release|Any CPU
		{24C0266D-B93D-400B-BE8A-6303007CE50A}.Release|Any CPU.Build.0 = Release|Any CPU
	EndGlobalSection
	GlobalSection(SolutionProperties) = preSolution
		HideSolutionNode = FALSE
	EndGlobalSection
	GlobalSection(ExtensibilityGlobals) = postSolution
		SolutionGuid = {1B8F4477-2498-4F47-80C6-BA078247A24E}
	EndGlobalSection
EndGlobal
